// !$*UTF8*$!
{
	archiveVersion = 1;
	classes = {
	};
	objectVersion = 46;
	objects = {

/* Begin PBXBuildFile section */
		1F324C781D9A8EBF00F85B48 /* Customer+CoreDataClass.m in Sources */ = {isa = PBXBuildFile; fileRef = 1F324C751D9A8EBF00F85B48 /* Customer+CoreDataClass.m */; };
		1F324C791D9A8EBF00F85B48 /* Customer+CoreDataProperties.m in Sources */ = {isa = PBXBuildFile; fileRef = 1F324C771D9A8EBF00F85B48 /* Customer+CoreDataProperties.m */; };
		1F4B53241D7671850000B126 /* main.m in Sources */ = {isa = PBXBuildFile; fileRef = 1F4B53231D7671850000B126 /* main.m */; };
		1F4B53271D7671850000B126 /* AppDelegate.m in Sources */ = {isa = PBXBuildFile; fileRef = 1F4B53261D7671850000B126 /* AppDelegate.m */; };
		1F4B532A1D7671850000B126 /* CustomerListViewController.m in Sources */ = {isa = PBXBuildFile; fileRef = 1F4B53291D7671850000B126 /* CustomerListViewController.m */; };
		1F4B532D1D7671850000B126 /* Main.storyboard in Resources */ = {isa = PBXBuildFile; fileRef = 1F4B532B1D7671850000B126 /* Main.storyboard */; };
		1F4B53301D7671850000B126 /* PunchCard.xcdatamodeld in Sources */ = {isa = PBXBuildFile; fileRef = 1F4B532E1D7671850000B126 /* PunchCard.xcdatamodeld */; };
		1F4B53321D7671850000B126 /* Assets.xcassets in Resources */ = {isa = PBXBuildFile; fileRef = 1F4B53311D7671850000B126 /* Assets.xcassets */; };
		1F4B53351D7671850000B126 /* LaunchScreen.storyboard in Resources */ = {isa = PBXBuildFile; fileRef = 1F4B53331D7671850000B126 /* LaunchScreen.storyboard */; };
		1F4B533F1D76754E0000B126 /* CounterViewController.m in Sources */ = {isa = PBXBuildFile; fileRef = 1F4B533E1D76754E0000B126 /* CounterViewController.m */; };
		1F6C3F631D94203000A25713 /* CoreDataHelper.m in Sources */ = {isa = PBXBuildFile; fileRef = 1F6C3F621D94203000A25713 /* CoreDataHelper.m */; };
		1FD971501D934C0700A694E5 /* AddCustomerViewController.m in Sources */ = {isa = PBXBuildFile; fileRef = 1FD9714F1D934C0700A694E5 /* AddCustomerViewController.m */; };
		1FFFD7BC1DA57BDA00EDE776 /* bean.jpg in Resources */ = {isa = PBXBuildFile; fileRef = 1FFFD7B91DA57BDA00EDE776 /* bean.jpg */; };
		1FFFD7BD1DA57BDA00EDE776 /* cup.png in Resources */ = {isa = PBXBuildFile; fileRef = 1FFFD7BA1DA57BDA00EDE776 /* cup.png */; };
		1FFFD7C21DA57F2200EDE776 /* woodLogo.png in Resources */ = {isa = PBXBuildFile; fileRef = 1FFFD7C11DA57F2200EDE776 /* woodLogo.png */; };
/* End PBXBuildFile section */

/* Begin PBXFileReference section */
		1F324C741D9A8EBF00F85B48 /* Customer+CoreDataClass.h */ = {isa = PBXFileReference; fileEncoding = 4; lastKnownFileType = sourcecode.c.h; name = "Customer+CoreDataClass.h"; path = "../Customer+CoreDataClass.h"; sourceTree = "<group>"; };
		1F324C751D9A8EBF00F85B48 /* Customer+CoreDataClass.m */ = {isa = PBXFileReference; fileEncoding = 4; lastKnownFileType = sourcecode.c.objc; name = "Customer+CoreDataClass.m"; path = "../Customer+CoreDataClass.m"; sourceTree = "<group>"; };
		1F324C761D9A8EBF00F85B48 /* Customer+CoreDataProperties.h */ = {isa = PBXFileReference; fileEncoding = 4; lastKnownFileType = sourcecode.c.h; name = "Customer+CoreDataProperties.h"; path = "../Customer+CoreDataProperties.h"; sourceTree = "<group>"; };
		1F324C771D9A8EBF00F85B48 /* Customer+CoreDataProperties.m */ = {isa = PBXFileReference; fileEncoding = 4; lastKnownFileType = sourcecode.c.objc; name = "Customer+CoreDataProperties.m"; path = "../Customer+CoreDataProperties.m"; sourceTree = "<group>"; };
		1F4B531F1D7671850000B126 /* PunchCard.app */ = {isa = PBXFileReference; explicitFileType = wrapper.application; includeInIndex = 0; path = PunchCard.app; sourceTree = BUILT_PRODUCTS_DIR; };
		1F4B53231D7671850000B126 /* main.m */ = {isa = PBXFileReference; lastKnownFileType = sourcecode.c.objc; path = main.m; sourceTree = "<group>"; };
		1F4B53251D7671850000B126 /* AppDelegate.h */ = {isa = PBXFileReference; lastKnownFileType = sourcecode.c.h; path = AppDelegate.h; sourceTree = "<group>"; };
		1F4B53261D7671850000B126 /* AppDelegate.m */ = {isa = PBXFileReference; lastKnownFileType = sourcecode.c.objc; path = AppDelegate.m; sourceTree = "<group>"; };
		1F4B53281D7671850000B126 /* CustomerListViewController.h */ = {isa = PBXFileReference; lastKnownFileType = sourcecode.c.h; path = CustomerListViewController.h; sourceTree = "<group>"; };
		1F4B53291D7671850000B126 /* CustomerListViewController.m */ = {isa = PBXFileReference; lastKnownFileType = sourcecode.c.objc; path = CustomerListViewController.m; sourceTree = "<group>"; };
		1F4B532C1D7671850000B126 /* Base */ = {isa = PBXFileReference; lastKnownFileType = file.storyboard; name = Base; path = Base.lproj/Main.storyboard; sourceTree = "<group>"; };
		1F4B532F1D7671850000B126 /* PunchCard.xcdatamodel */ = {isa = PBXFileReference; lastKnownFileType = wrapper.xcdatamodel; path = PunchCard.xcdatamodel; sourceTree = "<group>"; };
		1F4B53311D7671850000B126 /* Assets.xcassets */ = {isa = PBXFileReference; lastKnownFileType = folder.assetcatalog; path = Assets.xcassets; sourceTree = "<group>"; };
		1F4B53341D7671850000B126 /* Base */ = {isa = PBXFileReference; lastKnownFileType = file.storyboard; name = Base; path = Base.lproj/LaunchScreen.storyboard; sourceTree = "<group>"; };
		1F4B53361D7671850000B126 /* Info.plist */ = {isa = PBXFileReference; lastKnownFileType = text.plist.xml; path = Info.plist; sourceTree = "<group>"; };
		1F4B533D1D76754E0000B126 /* CounterViewController.h */ = {isa = PBXFileReference; fileEncoding = 4; lastKnownFileType = sourcecode.c.h; path = CounterViewController.h; sourceTree = "<group>"; };
		1F4B533E1D76754E0000B126 /* CounterViewController.m */ = {isa = PBXFileReference; fileEncoding = 4; lastKnownFileType = sourcecode.c.objc; path = CounterViewController.m; sourceTree = "<group>"; };
		1F6C3F611D94203000A25713 /* CoreDataHelper.h */ = {isa = PBXFileReference; fileEncoding = 4; lastKnownFileType = sourcecode.c.h; path = CoreDataHelper.h; sourceTree = "<group>"; };
		1F6C3F621D94203000A25713 /* CoreDataHelper.m */ = {isa = PBXFileReference; fileEncoding = 4; lastKnownFileType = sourcecode.c.objc; path = CoreDataHelper.m; sourceTree = "<group>"; };
		1FD9714E1D934C0700A694E5 /* AddCustomerViewController.h */ = {isa = PBXFileReference; fileEncoding = 4; lastKnownFileType = sourcecode.c.h; path = AddCustomerViewController.h; sourceTree = "<group>"; };
		1FD9714F1D934C0700A694E5 /* AddCustomerViewController.m */ = {isa = PBXFileReference; fileEncoding = 4; lastKnownFileType = sourcecode.c.objc; path = AddCustomerViewController.m; sourceTree = "<group>"; };
		1FFFD7B91DA57BDA00EDE776 /* bean.jpg */ = {isa = PBXFileReference; lastKnownFileType = image.jpeg; name = bean.jpg; path = ../../bean.jpg; sourceTree = "<group>"; };
		1FFFD7BA1DA57BDA00EDE776 /* cup.png */ = {isa = PBXFileReference; lastKnownFileType = image.png; name = cup.png; path = ../../cup.png; sourceTree = "<group>"; };
		1FFFD7C11DA57F2200EDE776 /* woodLogo.png */ = {isa = PBXFileReference; lastKnownFileType = image.png; name = woodLogo.png; path = ../../woodLogo.png; sourceTree = "<group>"; };
/* End PBXFileReference section */

/* Begin PBXFrameworksBuildPhase section */
		1F4B531C1D7671850000B126 /* Frameworks */ = {
			isa = PBXFrameworksBuildPhase;
			buildActionMask = 2147483647;
			files = (
			);
			runOnlyForDeploymentPostprocessing = 0;
		};
/* End PBXFrameworksBuildPhase section */

/* Begin PBXGroup section */
		1F324C7A1D9A8ECA00F85B48 /* models */ = {
			isa = PBXGroup;
			children = (
				1F324C741D9A8EBF00F85B48 /* Customer+CoreDataClass.h */,
				1F324C751D9A8EBF00F85B48 /* Customer+CoreDataClass.m */,
				1F324C761D9A8EBF00F85B48 /* Customer+CoreDataProperties.h */,
				1F324C771D9A8EBF00F85B48 /* Customer+CoreDataProperties.m */,
			);
			name = models;
			sourceTree = "<group>";
		};
		1F4B53161D7671850000B126 = {
			isa = PBXGroup;
			children = (
				1F4B53211D7671850000B126 /* PunchCard */,
				1F4B53201D7671850000B126 /* Products */,
			);
			sourceTree = "<group>";
		};
		1F4B53201D7671850000B126 /* Products */ = {
			isa = PBXGroup;
			children = (
				1F4B531F1D7671850000B126 /* PunchCard.app */,
			);
			name = Products;
			sourceTree = "<group>";
		};
		1F4B53211D7671850000B126 /* PunchCard */ = {
			isa = PBXGroup;
			children = (
				1FFFD7B81DA576D100EDE776 /* images */,
				1F4B53251D7671850000B126 /* AppDelegate.h */,
				1F4B53261D7671850000B126 /* AppDelegate.m */,
				1F4B53311D7671850000B126 /* Assets.xcassets */,
				1F6C3F601D94200700A25713 /* helpers */,
				1F4B53361D7671850000B126 /* Info.plist */,
				1F4B53331D7671850000B126 /* LaunchScreen.storyboard */,
				1F4B532B1D7671850000B126 /* Main.storyboard */,
				1F324C7A1D9A8ECA00F85B48 /* models */,
				1F4B532E1D7671850000B126 /* PunchCard.xcdatamodeld */,
				1F4B53221D7671850000B126 /* Supporting Files */,
				1F4B533C1D7674A30000B126 /* view controllers */,
			);
			path = PunchCard;
			sourceTree = "<group>";
		};
		1F4B53221D7671850000B126 /* Supporting Files */ = {
			isa = PBXGroup;
			children = (
				1F4B53231D7671850000B126 /* main.m */,
			);
			name = "Supporting Files";
			sourceTree = "<group>";
		};
		1F4B533C1D7674A30000B126 /* view controllers */ = {
			isa = PBXGroup;
			children = (
				1F4B53281D7671850000B126 /* CustomerListViewController.h */,
				1F4B53291D7671850000B126 /* CustomerListViewController.m */,
				1F4B533D1D76754E0000B126 /* CounterViewController.h */,
				1F4B533E1D76754E0000B126 /* CounterViewController.m */,
				1FD9714E1D934C0700A694E5 /* AddCustomerViewController.h */,
				1FD9714F1D934C0700A694E5 /* AddCustomerViewController.m */,
			);
			name = "view controllers";
			sourceTree = "<group>";
		};
		1F6C3F601D94200700A25713 /* helpers */ = {
			isa = PBXGroup;
			children = (
				1F6C3F611D94203000A25713 /* CoreDataHelper.h */,
				1F6C3F621D94203000A25713 /* CoreDataHelper.m */,
			);
			name = helpers;
			sourceTree = "<group>";
		};
		1FFFD7B81DA576D100EDE776 /* images */ = {
			isa = PBXGroup;
			children = (
				1FFFD7C11DA57F2200EDE776 /* woodLogo.png */,
				1FFFD7B91DA57BDA00EDE776 /* bean.jpg */,
				1FFFD7BA1DA57BDA00EDE776 /* cup.png */,
			);
			name = images;
			sourceTree = "<group>";
		};
/* End PBXGroup section */

/* Begin PBXNativeTarget section */
		1F4B531E1D7671850000B126 /* PunchCard */ = {
			isa = PBXNativeTarget;
			buildConfigurationList = 1F4B53391D7671850000B126 /* Build configuration list for PBXNativeTarget "PunchCard" */;
			buildPhases = (
				1F4B531B1D7671850000B126 /* Sources */,
				1F4B531C1D7671850000B126 /* Frameworks */,
				1F4B531D1D7671850000B126 /* Resources */,
			);
			buildRules = (
			);
			dependencies = (
			);
			name = PunchCard;
			productName = PunchCard;
			productReference = 1F4B531F1D7671850000B126 /* PunchCard.app */;
			productType = "com.apple.product-type.application";
		};
/* End PBXNativeTarget section */

/* Begin PBXProject section */
		1F4B53171D7671850000B126 /* Project object */ = {
			isa = PBXProject;
			attributes = {
				LastUpgradeCheck = 0730;
				ORGANIZATIONNAME = "Branvis Software";
				TargetAttributes = {
					1F4B531E1D7671850000B126 = {
						CreatedOnToolsVersion = 7.3.1;
					};
				};
			};
			buildConfigurationList = 1F4B531A1D7671850000B126 /* Build configuration list for PBXProject "PunchCard" */;
			compatibilityVersion = "Xcode 3.2";
			developmentRegion = English;
			hasScannedForEncodings = 0;
			knownRegions = (
				en,
				Base,
			);
			mainGroup = 1F4B53161D7671850000B126;
			productRefGroup = 1F4B53201D7671850000B126 /* Products */;
			projectDirPath = "";
			projectRoot = "";
			targets = (
				1F4B531E1D7671850000B126 /* PunchCard */,
			);
		};
/* End PBXProject section */

/* Begin PBXResourcesBuildPhase section */
		1F4B531D1D7671850000B126 /* Resources */ = {
			isa = PBXResourcesBuildPhase;
			buildActionMask = 2147483647;
			files = (
				1FFFD7C21DA57F2200EDE776 /* woodLogo.png in Resources */,
				1F4B53351D7671850000B126 /* LaunchScreen.storyboard in Resources */,
				1FFFD7BC1DA57BDA00EDE776 /* bean.jpg in Resources */,
				1F4B53321D7671850000B126 /* Assets.xcassets in Resources */,
				1F4B532D1D7671850000B126 /* Main.storyboard in Resources */,
				1FFFD7BD1DA57BDA00EDE776 /* cup.png in Resources */,
			);
			runOnlyForDeploymentPostprocessing = 0;
		};
/* End PBXResourcesBuildPhase section */

/* Begin PBXSourcesBuildPhase section */
		1F4B531B1D7671850000B126 /* Sources */ = {
			isa = PBXSourcesBuildPhase;
			buildActionMask = 2147483647;
			files = (
				1F4B532A1D7671850000B126 /* CustomerListViewController.m in Sources */,
				1F324C781D9A8EBF00F85B48 /* Customer+CoreDataClass.m in Sources */,
				1F4B53271D7671850000B126 /* AppDelegate.m in Sources */,
				1F324C791D9A8EBF00F85B48 /* Customer+CoreDataProperties.m in Sources */,
				1FD971501D934C0700A694E5 /* AddCustomerViewController.m in Sources */,
				1F4B53301D7671850000B126 /* PunchCard.xcdatamodeld in Sources */,
				1F4B53241D7671850000B126 /* main.m in Sources */,
				1F4B533F1D76754E0000B126 /* CounterViewController.m in Sources */,
				1F6C3F631D94203000A25713 /* CoreDataHelper.m in Sources */,
			);
			runOnlyForDeploymentPostprocessing = 0;
		};
/* End PBXSourcesBuildPhase section */

/* Begin PBXVariantGroup section */
		1F4B532B1D7671850000B126 /* Main.storyboard */ = {
			isa = PBXVariantGroup;
			children = (
				1F4B532C1D7671850000B126 /* Base */,
			);
			name = Main.storyboard;
			sourceTree = "<group>";
		};
		1F4B53331D7671850000B126 /* LaunchScreen.storyboard */ = {
			isa = PBXVariantGroup;
			children = (
				1F4B53341D7671850000B126 /* Base */,
			);
			name = LaunchScreen.storyboard;
			sourceTree = "<group>";
		};
/* End PBXVariantGroup section */

/* Begin XCBuildConfiguration section */
		1F4B53371D7671850000B126 /* Debug */ = {
			isa = XCBuildConfiguration;
			buildSettings = {
				ALWAYS_SEARCH_USER_PATHS = NO;
				CLANG_ANALYZER_NONNULL = YES;
				CLANG_CXX_LANGUAGE_STANDARD = "gnu++0x";
				CLANG_CXX_LIBRARY = "libc++";
				CLANG_ENABLE_MODULES = YES;
				CLANG_ENABLE_OBJC_ARC = YES;
				CLANG_WARN_BOOL_CONVERSION = YES;
				CLANG_WARN_CONSTANT_CONVERSION = YES;
				CLANG_WARN_DIRECT_OBJC_ISA_USAGE = YES_ERROR;
				CLANG_WARN_EMPTY_BODY = YES;
				CLANG_WARN_ENUM_CONVERSION = YES;
				CLANG_WARN_INT_CONVERSION = YES;
				CLANG_WARN_OBJC_ROOT_CLASS = YES_ERROR;
				CLANG_WARN_UNREACHABLE_CODE = YES;
				CLANG_WARN__DUPLICATE_METHOD_MATCH = YES;
				"CODE_SIGN_IDENTITY[sdk=iphoneos*]" = "iPhone Developer";
				COPY_PHASE_STRIP = NO;
				DEBUG_INFORMATION_FORMAT = dwarf;
				ENABLE_STRICT_OBJC_MSGSEND = YES;
				ENABLE_TESTABILITY = YES;
				GCC_C_LANGUAGE_STANDARD = gnu99;
				GCC_DYNAMIC_NO_PIC = NO;
				GCC_NO_COMMON_BLOCKS = YES;
				GCC_OPTIMIZATION_LEVEL = 0;
				GCC_PREPROCESSOR_DEFINITIONS = (
					"DEBUG=1",
					"$(inherited)",
				);
				GCC_WARN_64_TO_32_BIT_CONVERSION = YES;
				GCC_WARN_ABOUT_RETURN_TYPE = YES_ERROR;
				GCC_WARN_UNDECLARED_SELECTOR = YES;
				GCC_WARN_UNINITIALIZED_AUTOS = YES_AGGRESSIVE;
				GCC_WARN_UNUSED_FUNCTION = YES;
				GCC_WARN_UNUSED_VARIABLE = YES;
				IPHONEOS_DEPLOYMENT_TARGET = 9.3;
				MTL_ENABLE_DEBUG_INFO = YES;
				ONLY_ACTIVE_ARCH = YES;
				SDKROOT = iphoneos;
				TARGETED_DEVICE_FAMILY = 2;
			};
			name = Debug;
		};
		1F4B53381D7671850000B126 /* Release */ = {
			isa = XCBuildConfiguration;
			buildSettings = {
				ALWAYS_SEARCH_USER_PATHS = NO;
				CLANG_ANALYZER_NONNULL = YES;
				CLANG_CXX_LANGUAGE_STANDARD = "gnu++0x";
				CLANG_CXX_LIBRARY = "libc++";
				CLANG_ENABLE_MODULES = YES;
				CLANG_ENABLE_OBJC_ARC = YES;
				CLANG_WARN_BOOL_CONVERSION = YES;
				CLANG_WARN_CONSTANT_CONVERSION = YES;
				CLANG_WARN_DIRECT_OBJC_ISA_USAGE = YES_ERROR;
				CLANG_WARN_EMPTY_BODY = YES;
				CLANG_WARN_ENUM_CONVERSION = YES;
				CLANG_WARN_INT_CONVERSION = YES;
				CLANG_WARN_OBJC_ROOT_CLASS = YES_ERROR;
				CLANG_WARN_UNREACHABLE_CODE = YES;
				CLANG_WARN__DUPLICATE_METHOD_MATCH = YES;
				"CODE_SIGN_IDENTITY[sdk=iphoneos*]" = "iPhone Developer";
				COPY_PHASE_STRIP = NO;
				DEBUG_INFORMATION_FORMAT = "dwarf-with-dsym";
				ENABLE_NS_ASSERTIONS = NO;
				ENABLE_STRICT_OBJC_MSGSEND = YES;
				GCC_C_LANGUAGE_STANDARD = gnu99;
				GCC_NO_COMMON_BLOCKS = YES;
				GCC_WARN_64_TO_32_BIT_CONVERSION = YES;
				GCC_WARN_ABOUT_RETURN_TYPE = YES_ERROR;
				GCC_WARN_UNDECLARED_SELECTOR = YES;
				GCC_WARN_UNINITIALIZED_AUTOS = YES_AGGRESSIVE;
				GCC_WARN_UNUSED_FUNCTION = YES;
				GCC_WARN_UNUSED_VARIABLE = YES;
				IPHONEOS_DEPLOYMENT_TARGET = 9.3;
				MTL_ENABLE_DEBUG_INFO = NO;
				SDKROOT = iphoneos;
				TARGETED_DEVICE_FAMILY = 2;
				VALIDATE_PRODUCT = YES;
			};
			name = Release;
		};
		1F4B533A1D7671850000B126 /* Debug */ = {
			isa = XCBuildConfiguration;
			buildSettings = {
				ASSETCATALOG_COMPILER_APPICON_NAME = AppIcon;
				INFOPLIST_FILE = PunchCard/Info.plist;
				LD_RUNPATH_SEARCH_PATHS = "$(inherited) @executable_path/Frameworks";
				PRODUCT_BUNDLE_IDENTIFIER = "Branvis-Software.PunchCard";
				PRODUCT_NAME = "$(TARGET_NAME)";
			};
			name = Debug;
		};
		1F4B533B1D7671850000B126 /* Release */ = {
			isa = XCBuildConfiguration;
			buildSettings = {
				ASSETCATALOG_COMPILER_APPICON_NAME = AppIcon;
				INFOPLIST_FILE = PunchCard/Info.plist;
				LD_RUNPATH_SEARCH_PATHS = "$(inherited) @executable_path/Frameworks";
				PRODUCT_BUNDLE_IDENTIFIER = "Branvis-Software.PunchCard";
				PRODUCT_NAME = "$(TARGET_NAME)";
			};
			name = Release;
		};
/* End XCBuildConfiguration section */

/* Begin XCConfigurationList section */
		1F4B531A1D7671850000B126 /* Build configuration list for PBXProject "PunchCard" */ = {
			isa = XCConfigurationList;
			buildConfigurations = (
				1F4B53371D7671850000B126 /* Debug */,
				1F4B53381D7671850000B126 /* Release */,
			);
			defaultConfigurationIsVisible = 0;
			defaultConfigurationName = Release;
		};
		1F4B53391D7671850000B126 /* Build configuration list for PBXNativeTarget "PunchCard" */ = {
			isa = XCConfigurationList;
			buildConfigurations = (
				1F4B533A1D7671850000B126 /* Debug */,
				1F4B533B1D7671850000B126 /* Release */,
			);
			defaultConfigurationIsVisible = 0;
			defaultConfigurationName = Release;
		};
/* End XCConfigurationList section */

/* Begin XCVersionGroup section */
		1F4B532E1D7671850000B126 /* PunchCard.xcdatamodeld */ = {
			isa = XCVersionGroup;
			children = (
				1F4B532F1D7671850000B126 /* PunchCard.xcdatamodel */,
			);
			currentVersion = 1F4B532F1D7671850000B126 /* PunchCard.xcdatamodel */;
			path = PunchCard.xcdatamodeld;
			sourceTree = "<group>";
			versionGroupType = wrapper.xcdatamodel;
		};
/* End XCVersionGroup section */
	};
	rootObject = 1F4B53171D7671850000B126 /* Project object */;
}
